
Microsoft Visual Studio Solution File, Format Version 12.00
# Visual Studio 15
VisualStudioVersion = 15.0.26730.15
MinimumVisualStudioVersion = 10.0.40219.1
Project("{9A19103F-16F7-4668-BE54-9A1E7A4F7556}") = "WeChat.Enterprise.Core", "WeChat.Enterprise.Core\WeChat.Enterprise.Core.csproj", "{375BFFB1-6CEF-4D90-BDD7-261D296136C6}"
EndProject
Project("{9A19103F-16F7-4668-BE54-9A1E7A4F7556}") = "WeChat.Enterprise.App", "WeChat.Enterprise.App\WeChat.Enterprise.App.csproj", "{F5FE2DD1-E839-4ADA-B211-C33C330F6E07}"
EndProject
Project("{FAE04EC0-301F-11D3-BF4B-00C04F79EFBC}") = "WeChat.Enterprise.Tests", "WeChat.Enterprise.Tests\WeChat.Enterprise.Tests.csproj", "{1F850530-EB64-4D76-AAEB-D1AFB70DA021}"
EndProject
Global
	GlobalSection(SolutionConfigurationPlatforms) = preSolution
		Debug|Any CPU = Debug|Any CPU
		Release|Any CPU = Release|Any CPU
	EndGlobalSection
	GlobalSection(ProjectConfigurationPlatforms) = postSolution
		{375BFFB1-6CEF-4D90-BDD7-261D296136C6}.Debug|Any CPU.ActiveCfg = Debug|Any CPU
		{375BFFB1-6CEF-4D90-BDD7-261D296136C6}.Debug|Any CPU.Build.0 = Debug|Any CPU
		{375BFFB1-6CEF-4D90-BDD7-261D296136C6}.Release|Any CPU.ActiveCfg = Release|Any CPU
		{375BFFB1-6CEF-4D90-BDD7-261D296136C6}.Release|Any CPU.Build.0 = Release|Any CPU
		{F5FE2DD1-E839-4ADA-B211-C33C330F6E07}.Debug|Any CPU.ActiveCfg = Debug|Any CPU
		{F5FE2DD1-E839-4ADA-B211-C33C330F6E07}.Debug|Any CPU.Build.0 = Debug|Any CPU
		{F5FE2DD1-E839-4ADA-B211-C33C330F6E07}.Release|Any CPU.ActiveCfg = Release|Any CPU
		{F5FE2DD1-E839-4ADA-B211-C33C330F6E07}.Release|Any CPU.Build.0 = Release|Any CPU
		{1F850530-EB64-4D76-AAEB-D1AFB70DA021}.Debug|Any CPU.ActiveCfg = Debug|Any CPU
		{1F850530-EB64-4D76-AAEB-D1AFB70DA021}.Debug|Any CPU.Build.0 = Debug|Any CPU
		{1F850530-EB64-4D76-AAEB-D1AFB70DA021}.Release|Any CPU.ActiveCfg = Release|Any CPU
		{1F850530-EB64-4D76-AAEB-D1AFB70DA021}.Release|Any CPU.Build.0 = Release|Any CPU
	EndGlobalSection
	GlobalSection(SolutionProperties) = preSolution
		HideSolutionNode = FALSE
	EndGlobalSection
	GlobalSection(ExtensibilityGlobals) = postSolution
		SolutionGuid = {974BFBAD-8DD0-434C-B9CA-7417B3717243}
	EndGlobalSection
EndGlobal
